// !$*UTF8*$!
{
	archiveVersion = 1;
	classes = {
	};
	objectVersion = 56;
	objects = {

/* Begin PBXBuildFile section */
		CEF4E4982B13099400404741 /* ACD_SwiftUIApp.swift in Sources */ = {isa = PBXBuildFile; fileRef = CEF4E4972B13099400404741 /* ACD_SwiftUIApp.swift */; };
		CEF4E49A2B13099400404741 /* ContentView.swift in Sources */ = {isa = PBXBuildFile; fileRef = CEF4E4992B13099400404741 /* ContentView.swift */; };
		CEF4E49C2B13099600404741 /* Assets.xcassets in Resources */ = {isa = PBXBuildFile; fileRef = CEF4E49B2B13099600404741 /* Assets.xcassets */; };
		CEF4E49F2B13099600404741 /* Preview Assets.xcassets in Resources */ = {isa = PBXBuildFile; fileRef = CEF4E49E2B13099600404741 /* Preview Assets.xcassets */; };
		CEF4E4A92B13099600404741 /* ACD_SwiftUITests.swift in Sources */ = {isa = PBXBuildFile; fileRef = CEF4E4A82B13099600404741 /* ACD_SwiftUITests.swift */; };
		CEF4E4B32B13099600404741 /* ACD_SwiftUIUITests.swift in Sources */ = {isa = PBXBuildFile; fileRef = CEF4E4B22B13099600404741 /* ACD_SwiftUIUITests.swift */; };
		CEF4E4B52B13099600404741 /* ACD_SwiftUIUITestsLaunchTests.swift in Sources */ = {isa = PBXBuildFile; fileRef = CEF4E4B42B13099600404741 /* ACD_SwiftUIUITestsLaunchTests.swift */; };
/* End PBXBuildFile section */

/* Begin PBXContainerItemProxy section */
		CEF4E4A52B13099600404741 /* PBXContainerItemProxy */ = {
			isa = PBXContainerItemProxy;
			containerPortal = CEF4E48C2B13099400404741 /* Project object */;
			proxyType = 1;
			remoteGlobalIDString = CEF4E4932B13099400404741;
			remoteInfo = ACD_SwiftUI;
		};
		CEF4E4AF2B13099600404741 /* PBXContainerItemProxy */ = {
			isa = PBXContainerItemProxy;
			containerPortal = CEF4E48C2B13099400404741 /* Project object */;
			proxyType = 1;
			remoteGlobalIDString = CEF4E4932B13099400404741;
			remoteInfo = ACD_SwiftUI;
		};
/* End PBXContainerItemProxy section */

/* Begin PBXFileReference section */
		CEF4E4942B13099400404741 /* ACD_SwiftUI.app */ = {isa = PBXFileReference; explicitFileType = wrapper.application; includeInIndex = 0; path = ACD_SwiftUI.app; sourceTree = BUILT_PRODUCTS_DIR; };
		CEF4E4972B13099400404741 /* ACD_SwiftUIApp.swift */ = {isa = PBXFileReference; lastKnownFileType = sourcecode.swift; path = ACD_SwiftUIApp.swift; sourceTree = "<group>"; };
		CEF4E4992B13099400404741 /* ContentView.swift */ = {isa = PBXFileReference; lastKnownFileType = sourcecode.swift; path = ContentView.swift; sourceTree = "<group>"; };
		CEF4E49B2B13099600404741 /* Assets.xcassets */ = {isa = PBXFileReference; lastKnownFileType = folder.assetcatalog; path = Assets.xcassets; sourceTree = "<group>"; };
		CEF4E49E2B13099600404741 /* Preview Assets.xcassets */ = {isa = PBXFileReference; lastKnownFileType = folder.assetcatalog; path = "Preview Assets.xcassets"; sourceTree = "<group>"; };
		CEF4E4A42B13099600404741 /* ACD_SwiftUITests.xctest */ = {isa = PBXFileReference; explicitFileType = wrapper.cfbundle; includeInIndex = 0; path = ACD_SwiftUITests.xctest; sourceTree = BUILT_PRODUCTS_DIR; };
		CEF4E4A82B13099600404741 /* ACD_SwiftUITests.swift */ = {isa = PBXFileReference; lastKnownFileType = sourcecode.swift; path = ACD_SwiftUITests.swift; sourceTree = "<group>"; };
		CEF4E4AE2B13099600404741 /* ACD_SwiftUIUITests.xctest */ = {isa = PBXFileReference; explicitFileType = wrapper.cfbundle; includeInIndex = 0; path = ACD_SwiftUIUITests.xctest; sourceTree = BUILT_PRODUCTS_DIR; };
		CEF4E4B22B13099600404741 /* ACD_SwiftUIUITests.swift */ = {isa = PBXFileReference; lastKnownFileType = sourcecode.swift; path = ACD_SwiftUIUITests.swift; sourceTree = "<group>"; };
		CEF4E4B42B13099600404741 /* ACD_SwiftUIUITestsLaunchTests.swift */ = {isa = PBXFileReference; lastKnownFileType = sourcecode.swift; path = ACD_SwiftUIUITestsLaunchTests.swift; sourceTree = "<group>"; };
/* End PBXFileReference section */

/* Begin PBXFrameworksBuildPhase section */
		CEF4E4912B13099400404741 /* Frameworks */ = {
			isa = PBXFrameworksBuildPhase;
			buildActionMask = 2147483647;
			files = (
			);
			runOnlyForDeploymentPostprocessing = 0;
		};
		CEF4E4A12B13099600404741 /* Frameworks */ = {
			isa = PBXFrameworksBuildPhase;
			buildActionMask = 2147483647;
			files = (
			);
			runOnlyForDeploymentPostprocessing = 0;
		};
		CEF4E4AB2B13099600404741 /* Frameworks */ = {
			isa = PBXFrameworksBuildPhase;
			buildActionMask = 2147483647;
			files = (
			);
			runOnlyForDeploymentPostprocessing = 0;
		};
/* End PBXFrameworksBuildPhase section */

/* Begin PBXGroup section */
		CEF4E48B2B13099400404741 = {
			isa = PBXGroup;
			children = (
				CEF4E4962B13099400404741 /* ACD_SwiftUI */,
				CEF4E4A72B13099600404741 /* ACD_SwiftUITests */,
				CEF4E4B12B13099600404741 /* ACD_SwiftUIUITests */,
				CEF4E4952B13099400404741 /* Products */,
			);
			sourceTree = "<group>";
		};
		CEF4E4952B13099400404741 /* Products */ = {
			isa = PBXGroup;
			children = (
				CEF4E4942B13099400404741 /* ACD_SwiftUI.app */,
				CEF4E4A42B13099600404741 /* ACD_SwiftUITests.xctest */,
				CEF4E4AE2B13099600404741 /* ACD_SwiftUIUITests.xctest */,
			);
			name = Products;
			sourceTree = "<group>";
		};
		CEF4E4962B13099400404741 /* ACD_SwiftUI */ = {
			isa = PBXGroup;
			children = (
				CEF4E4972B13099400404741 /* ACD_SwiftUIApp.swift */,
				CEF4E4992B13099400404741 /* ContentView.swift */,
				CEF4E49B2B13099600404741 /* Assets.xcassets */,
				CEF4E49D2B13099600404741 /* Preview Content */,
			);
			path = ACD_SwiftUI;
			sourceTree = "<group>";
		};
		CEF4E49D2B13099600404741 /* Preview Content */ = {
			isa = PBXGroup;
			children = (
				CEF4E49E2B13099600404741 /* Preview Assets.xcassets */,
			);
			path = "Preview Content";
			sourceTree = "<group>";
		};
		CEF4E4A72B13099600404741 /* ACD_SwiftUITests */ = {
			isa = PBXGroup;
			children = (
				CEF4E4A82B13099600404741 /* ACD_SwiftUITests.swift */,
			);
			path = ACD_SwiftUITests;
			sourceTree = "<group>";
		};
		CEF4E4B12B13099600404741 /* ACD_SwiftUIUITests */ = {
			isa = PBXGroup;
			children = (
				CEF4E4B22B13099600404741 /* ACD_SwiftUIUITests.swift */,
				CEF4E4B42B13099600404741 /* ACD_SwiftUIUITestsLaunchTests.swift */,
			);
			path = ACD_SwiftUIUITests;
			sourceTree = "<group>";
		};
/* End PBXGroup section */

/* Begin PBXNativeTarget section */
		CEF4E4932B13099400404741 /* ACD_SwiftUI */ = {
			isa = PBXNativeTarget;
			buildConfigurationList = CEF4E4B82B13099600404741 /* Build configuration list for PBXNativeTarget "ACD_SwiftUI" */;
			buildPhases = (
				CEF4E4902B13099400404741 /* Sources */,
				CEF4E4912B13099400404741 /* Frameworks */,
				CEF4E4922B13099400404741 /* Resources */,
			);
			buildRules = (
			);
			dependencies = (
			);
			name = ACD_SwiftUI;
			productName = ACD_SwiftUI;
			productReference = CEF4E4942B13099400404741 /* ACD_SwiftUI.app */;
			productType = "com.apple.product-type.application";
		};
		CEF4E4A32B13099600404741 /* ACD_SwiftUITests */ = {
			isa = PBXNativeTarget;
			buildConfigurationList = CEF4E4BB2B13099600404741 /* Build configuration list for PBXNativeTarget "ACD_SwiftUITests" */;
			buildPhases = (
				CEF4E4A02B13099600404741 /* Sources */,
				CEF4E4A12B13099600404741 /* Frameworks */,
				CEF4E4A22B13099600404741 /* Resources */,
			);
			buildRules = (
			);
			dependencies = (
				CEF4E4A62B13099600404741 /* PBXTargetDependency */,
			);
			name = ACD_SwiftUITests;
			productName = ACD_SwiftUITests;
			productReference = CEF4E4A42B13099600404741 /* ACD_SwiftUITests.xctest */;
			productType = "com.apple.product-type.bundle.unit-test";
		};
		CEF4E4AD2B13099600404741 /* ACD_SwiftUIUITests */ = {
			isa = PBXNativeTarget;
			buildConfigurationList = CEF4E4BE2B13099600404741 /* Build configuration list for PBXNativeTarget "ACD_SwiftUIUITests" */;
			buildPhases = (
				CEF4E4AA2B13099600404741 /* Sources */,
				CEF4E4AB2B13099600404741 /* Frameworks */,
				CEF4E4AC2B13099600404741 /* Resources */,
			);
			buildRules = (
			);
			dependencies = (
				CEF4E4B02B13099600404741 /* PBXTargetDependency */,
			);
			name = ACD_SwiftUIUITests;
			productName = ACD_SwiftUIUITests;
			productReference = CEF4E4AE2B13099600404741 /* ACD_SwiftUIUITests.xctest */;
			productType = "com.apple.product-type.bundle.ui-testing";
		};
/* End PBXNativeTarget section */

/* Begin PBXProject section */
		CEF4E48C2B13099400404741 /* Project object */ = {
			isa = PBXProject;
			attributes = {
				BuildIndependentTargetsInParallel = 1;
				LastSwiftUpdateCheck = 1500;
				LastUpgradeCheck = 1500;
				TargetAttributes = {
					CEF4E4932B13099400404741 = {
						CreatedOnToolsVersion = 15.0;
					};
					CEF4E4A32B13099600404741 = {
						CreatedOnToolsVersion = 15.0;
						TestTargetID = CEF4E4932B13099400404741;
					};
					CEF4E4AD2B13099600404741 = {
						CreatedOnToolsVersion = 15.0;
						TestTargetID = CEF4E4932B13099400404741;
					};
				};
			};
			buildConfigurationList = CEF4E48F2B13099400404741 /* Build configuration list for PBXProject "ACD_SwiftUI" */;
			compatibilityVersion = "Xcode 14.0";
			developmentRegion = en;
			hasScannedForEncodings = 0;
			knownRegions = (
				en,
				Base,
			);
			mainGroup = CEF4E48B2B13099400404741;
			productRefGroup = CEF4E4952B13099400404741 /* Products */;
			projectDirPath = "";
			projectRoot = "";
			targets = (
				CEF4E4932B13099400404741 /* ACD_SwiftUI */,
				CEF4E4A32B13099600404741 /* ACD_SwiftUITests */,
				CEF4E4AD2B13099600404741 /* ACD_SwiftUIUITests */,
			);
		};
/* End PBXProject section */

/* Begin PBXResourcesBuildPhase section */
		CEF4E4922B13099400404741 /* Resources */ = {
			isa = PBXResourcesBuildPhase;
			buildActionMask = 2147483647;
			files = (
				CEF4E49F2B13099600404741 /* Preview Assets.xcassets in Resources */,
				CEF4E49C2B13099600404741 /* Assets.xcassets in Resources */,
			);
			runOnlyForDeploymentPostprocessing = 0;
		};
		CEF4E4A22B13099600404741 /* Resources */ = {
			isa = PBXResourcesBuildPhase;
			buildActionMask = 2147483647;
			files = (
			);
			runOnlyForDeploymentPostprocessing = 0;
		};
		CEF4E4AC2B13099600404741 /* Resources */ = {
			isa = PBXResourcesBuildPhase;
			buildActionMask = 2147483647;
			files = (
			);
			runOnlyForDeploymentPostprocessing = 0;
		};
/* End PBXResourcesBuildPhase section */

/* Begin PBXSourcesBuildPhase section */
		CEF4E4902B13099400404741 /* Sources */ = {
			isa = PBXSourcesBuildPhase;
			buildActionMask = 2147483647;
			files = (
				CEF4E49A2B13099400404741 /* ContentView.swift in Sources */,
				CEF4E4982B13099400404741 /* ACD_SwiftUIApp.swift in Sources */,
			);
			runOnlyForDeploymentPostprocessing = 0;
		};
		CEF4E4A02B13099600404741 /* Sources */ = {
			isa = PBXSourcesBuildPhase;
			buildActionMask = 2147483647;
			files = (
				CEF4E4A92B13099600404741 /* ACD_SwiftUITests.swift in Sources */,
			);
			runOnlyForDeploymentPostprocessing = 0;
		};
		CEF4E4AA2B13099600404741 /* Sources */ = {
			isa = PBXSourcesBuildPhase;
			buildActionMask = 2147483647;
			files = (
				CEF4E4B32B13099600404741 /* ACD_SwiftUIUITests.swift in Sources */,
				CEF4E4B52B13099600404741 /* ACD_SwiftUIUITestsLaunchTests.swift in Sources */,
			);
			runOnlyForDeploymentPostprocessing = 0;
		};
/* End PBXSourcesBuildPhase section */

/* Begin PBXTargetDependency section */
		CEF4E4A62B13099600404741 /* PBXTargetDependency */ = {
			isa = PBXTargetDependency;
			target = CEF4E4932B13099400404741 /* ACD_SwiftUI */;
			targetProxy = CEF4E4A52B13099600404741 /* PBXContainerItemProxy */;
		};
		CEF4E4B02B13099600404741 /* PBXTargetDependency */ = {
			isa = PBXTargetDependency;
			target = CEF4E4932B13099400404741 /* ACD_SwiftUI */;
			targetProxy = CEF4E4AF2B13099600404741 /* PBXContainerItemProxy */;
		};
/* End PBXTargetDependency section */

/* Begin XCBuildConfiguration section */
		CEF4E4B62B13099600404741 /* Debug */ = {
			isa = XCBuildConfiguration;
			buildSettings = {
				ALWAYS_SEARCH_USER_PATHS = NO;
				ASSETCATALOG_COMPILER_GENERATE_SWIFT_ASSET_SYMBOL_EXTENSIONS = YES;
				CLANG_ANALYZER_NONNULL = YES;
				CLANG_ANALYZER_NUMBER_OBJECT_CONVERSION = YES_AGGRESSIVE;
				CLANG_CXX_LANGUAGE_STANDARD = "gnu++20";
				CLANG_ENABLE_MODULES = YES;
				CLANG_ENABLE_OBJC_ARC = YES;
				CLANG_ENABLE_OBJC_WEAK = YES;
				CLANG_WARN_BLOCK_CAPTURE_AUTORELEASING = YES;
				CLANG_WARN_BOOL_CONVERSION = YES;
				CLANG_WARN_COMMA = YES;
				CLANG_WARN_CONSTANT_CONVERSION = YES;
				CLANG_WARN_DEPRECATED_OBJC_IMPLEMENTATIONS = YES;
				CLANG_WARN_DIRECT_OBJC_ISA_USAGE = YES_ERROR;
				CLANG_WARN_DOCUMENTATION_COMMENTS = YES;
				CLANG_WARN_EMPTY_BODY = YES;
				CLANG_WARN_ENUM_CONVERSION = YES;
				CLANG_WARN_INFINITE_RECURSION = YES;
				CLANG_WARN_INT_CONVERSION = YES;
				CLANG_WARN_NON_LITERAL_NULL_CONVERSION = YES;
				CLANG_WARN_OBJC_IMPLICIT_RETAIN_SELF = YES;
				CLANG_WARN_OBJC_LITERAL_CONVERSION = YES;
				CLANG_WARN_OBJC_ROOT_CLASS = YES_ERROR;
				CLANG_WARN_QUOTED_INCLUDE_IN_FRAMEWORK_HEADER = YES;
				CLANG_WARN_RANGE_LOOP_ANALYSIS = YES;
				CLANG_WARN_STRICT_PROTOTYPES = YES;
				CLANG_WARN_SUSPICIOUS_MOVE = YES;
				CLANG_WARN_UNGUARDED_AVAILABILITY = YES_AGGRESSIVE;
				CLANG_WARN_UNREACHABLE_CODE = YES;
				CLANG_WARN__DUPLICATE_METHOD_MATCH = YES;
				COPY_PHASE_STRIP = NO;
				DEBUG_INFORMATION_FORMAT = dwarf;
				ENABLE_STRICT_OBJC_MSGSEND = YES;
				ENABLE_TESTABILITY = YES;
				ENABLE_USER_SCRIPT_SANDBOXING = YES;
				GCC_C_LANGUAGE_STANDARD = gnu17;
				GCC_DYNAMIC_NO_PIC = NO;
				GCC_NO_COMMON_BLOCKS = YES;
				GCC_OPTIMIZATION_LEVEL = 0;
				GCC_PREPROCESSOR_DEFINITIONS = (
					"DEBUG=1",
					"$(inherited)",
				);
				GCC_WARN_64_TO_32_BIT_CONVERSION = YES;
				GCC_WARN_ABOUT_RETURN_TYPE = YES_ERROR;
				GCC_WARN_UNDECLARED_SELECTOR = YES;
				GCC_WARN_UNINITIALIZED_AUTOS = YES_AGGRESSIVE;
				GCC_WARN_UNUSED_FUNCTION = YES;
				GCC_WARN_UNUSED_VARIABLE = YES;
				IPHONEOS_DEPLOYMENT_TARGET = 17.0;
				LOCALIZATION_PREFERS_STRING_CATALOGS = YES;
				MTL_ENABLE_DEBUG_INFO = INCLUDE_SOURCE;
				MTL_FAST_MATH = YES;
				ONLY_ACTIVE_ARCH = YES;
				SDKROOT = iphoneos;
				SWIFT_ACTIVE_COMPILATION_CONDITIONS = "DEBUG $(inherited)";
				SWIFT_OPTIMIZATION_LEVEL = "-Onone";
			};
			name = Debug;
		};
		CEF4E4B72B13099600404741 /* Release */ = {
			isa = XCBuildConfiguration;
			buildSettings = {
				ALWAYS_SEARCH_USER_PATHS = NO;
				ASSETCATALOG_COMPILER_GENERATE_SWIFT_ASSET_SYMBOL_EXTENSIONS = YES;
				CLANG_ANALYZER_NONNULL = YES;
				CLANG_ANALYZER_NUMBER_OBJECT_CONVERSION = YES_AGGRESSIVE;
				CLANG_CXX_LANGUAGE_STANDARD = "gnu++20";
				CLANG_ENABLE_MODULES = YES;
				CLANG_ENABLE_OBJC_ARC = YES;
				CLANG_ENABLE_OBJC_WEAK = YES;
				CLANG_WARN_BLOCK_CAPTURE_AUTORELEASING = YES;
				CLANG_WARN_BOOL_CONVERSION = YES;
				CLANG_WARN_COMMA = YES;
				CLANG_WARN_CONSTANT_CONVERSION = YES;
				CLANG_WARN_DEPRECATED_OBJC_IMPLEMENTATIONS = YES;
				CLANG_WARN_DIRECT_OBJC_ISA_USAGE = YES_ERROR;
				CLANG_WARN_DOCUMENTATION_COMMENTS = YES;
				CLANG_WARN_EMPTY_BODY = YES;
				CLANG_WARN_ENUM_CONVERSION = YES;
				CLANG_WARN_INFINITE_RECURSION = YES;
				CLANG_WARN_INT_CONVERSION = YES;
				CLANG_WARN_NON_LITERAL_NULL_CONVERSION = YES;
				CLANG_WARN_OBJC_IMPLICIT_RETAIN_SELF = YES;
				CLANG_WARN_OBJC_LITERAL_CONVERSION = YES;
				CLANG_WARN_OBJC_ROOT_CLASS = YES_ERROR;
				CLANG_WARN_QUOTED_INCLUDE_IN_FRAMEWORK_HEADER = YES;
				CLANG_WARN_RANGE_LOOP_ANALYSIS = YES;
				CLANG_WARN_STRICT_PROTOTYPES = YES;
				CLANG_WARN_SUSPICIOUS_MOVE = YES;
				CLANG_WARN_UNGUARDED_AVAILABILITY = YES_AGGRESSIVE;
				CLANG_WARN_UNREACHABLE_CODE = YES;
				CLANG_WARN__DUPLICATE_METHOD_MATCH = YES;
				COPY_PHASE_STRIP = NO;
				DEBUG_INFORMATION_FORMAT = "dwarf-with-dsym";
				ENABLE_NS_ASSERTIONS = NO;
				ENABLE_STRICT_OBJC_MSGSEND = YES;
				ENABLE_USER_SCRIPT_SANDBOXING = YES;
				GCC_C_LANGUAGE_STANDARD = gnu17;
				GCC_NO_COMMON_BLOCKS = YES;
				GCC_WARN_64_TO_32_BIT_CONVERSION = YES;
				GCC_WARN_ABOUT_RETURN_TYPE = YES_ERROR;
				GCC_WARN_UNDECLARED_SELECTOR = YES;
				GCC_WARN_UNINITIALIZED_AUTOS = YES_AGGRESSIVE;
				GCC_WARN_UNUSED_FUNCTION = YES;
				GCC_WARN_UNUSED_VARIABLE = YES;
				IPHONEOS_DEPLOYMENT_TARGET = 17.0;
				LOCALIZATION_PREFERS_STRING_CATALOGS = YES;
				MTL_ENABLE_DEBUG_INFO = NO;
				MTL_FAST_MATH = YES;
				SDKROOT = iphoneos;
				SWIFT_COMPILATION_MODE = wholemodule;
				VALIDATE_PRODUCT = YES;
			};
			name = Release;
		};
		CEF4E4B92B13099600404741 /* Debug */ = {
			isa = XCBuildConfiguration;
			buildSettings = {
				ASSETCATALOG_COMPILER_APPICON_NAME = AppIcon;
				ASSETCATALOG_COMPILER_GLOBAL_ACCENT_COLOR_NAME = AccentColor;
				CODE_SIGN_STYLE = Automatic;
				CURRENT_PROJECT_VERSION = 1;
				DEVELOPMENT_ASSET_PATHS = "\"ACD_SwiftUI/Preview Content\"";
				DEVELOPMENT_TEAM = BRBLZLM3SM;
				ENABLE_PREVIEWS = YES;
				GENERATE_INFOPLIST_FILE = YES;
				INFOPLIST_KEY_UIApplicationSceneManifest_Generation = YES;
				INFOPLIST_KEY_UIApplicationSupportsIndirectInputEvents = YES;
				INFOPLIST_KEY_UILaunchScreen_Generation = YES;
				INFOPLIST_KEY_UISupportedInterfaceOrientations_iPad = "UIInterfaceOrientationPortrait UIInterfaceOrientationPortraitUpsideDown UIInterfaceOrientationLandscapeLeft UIInterfaceOrientationLandscapeRight";
				INFOPLIST_KEY_UISupportedInterfaceOrientations_iPhone = "UIInterfaceOrientationPortrait UIInterfaceOrientationLandscapeLeft UIInterfaceOrientationLandscapeRight";
				LD_RUNPATH_SEARCH_PATHS = (
					"$(inherited)",
					"@executable_path/Frameworks",
				);
				MARKETING_VERSION = 1.0;
				PRODUCT_BUNDLE_IDENTIFIER = "LJG.ACD-SwiftUI";
				PRODUCT_NAME = "$(TARGET_NAME)";
				SWIFT_EMIT_LOC_STRINGS = YES;
				SWIFT_VERSION = 5.0;
				TARGETED_DEVICE_FAMILY = "1,2";
			};
			name = Debug;
		};
		CEF4E4BA2B13099600404741 /* Release */ = {
			isa = XCBuildConfiguration;
			buildSettings = {
				ASSETCATALOG_COMPILER_APPICON_NAME = AppIcon;
				ASSETCATALOG_COMPILER_GLOBAL_ACCENT_COLOR_NAME = AccentColor;
				CODE_SIGN_STYLE = Automatic;
				CURRENT_PROJECT_VERSION = 1;
				DEVELOPMENT_ASSET_PATHS = "\"ACD_SwiftUI/Preview Content\"";
				DEVELOPMENT_TEAM = BRBLZLM3SM;
				ENABLE_PREVIEWS = YES;
				GENERATE_INFOPLIST_FILE = YES;
				INFOPLIST_KEY_UIApplicationSceneManifest_Generation = YES;
				INFOPLIST_KEY_UIApplicationSupportsIndirectInputEvents = YES;
				INFOPLIST_KEY_UILaunchScreen_Generation = YES;
				INFOPLIST_KEY_UISupportedInterfaceOrientations_iPad = "UIInterfaceOrientationPortrait UIInterfaceOrientationPortraitUpsideDown UIInterfaceOrientationLandscapeLeft UIInterfaceOrientationLandscapeRight";
				INFOPLIST_KEY_UISupportedInterfaceOrientations_iPhone = "UIInterfaceOrientationPortrait UIInterfaceOrientationLandscapeLeft UIInterfaceOrientationLandscapeRight";
				LD_RUNPATH_SEARCH_PATHS = (
					"$(inherited)",
					"@executable_path/Frameworks",
				);
				MARKETING_VERSION = 1.0;
				PRODUCT_BUNDLE_IDENTIFIER = "LJG.ACD-SwiftUI";
				PRODUCT_NAME = "$(TARGET_NAME)";
				SWIFT_EMIT_LOC_STRINGS = YES;
				SWIFT_VERSION = 5.0;
				TARGETED_DEVICE_FAMILY = "1,2";
			};
			name = Release;
		};
		CEF4E4BC2B13099600404741 /* Debug */ = {
			isa = XCBuildConfiguration;
			buildSettings = {
				ALWAYS_EMBED_SWIFT_STANDARD_LIBRARIES = YES;
				BUNDLE_LOADER = "$(TEST_HOST)";
				CODE_SIGN_STYLE = Automatic;
				CURRENT_PROJECT_VERSION = 1;
				DEVELOPMENT_TEAM = BRBLZLM3SM;
				GENERATE_INFOPLIST_FILE = YES;
				IPHONEOS_DEPLOYMENT_TARGET = 17.0;
				MARKETING_VERSION = 1.0;
				PRODUCT_BUNDLE_IDENTIFIER = "LJG.ACD-SwiftUITests";
				PRODUCT_NAME = "$(TARGET_NAME)";
				SWIFT_EMIT_LOC_STRINGS = NO;
				SWIFT_VERSION = 5.0;
				TARGETED_DEVICE_FAMILY = "1,2";
				TEST_HOST = "$(BUILT_PRODUCTS_DIR)/ACD_SwiftUI.app/$(BUNDLE_EXECUTABLE_FOLDER_PATH)/ACD_SwiftUI";
			};
			name = Debug;
		};
		CEF4E4BD2B13099600404741 /* Release */ = {
			isa = XCBuildConfiguration;
			buildSettings = {
				ALWAYS_EMBED_SWIFT_STANDARD_LIBRARIES = YES;
				BUNDLE_LOADER = "$(TEST_HOST)";
				CODE_SIGN_STYLE = Automatic;
				CURRENT_PROJECT_VERSION = 1;
				DEVELOPMENT_TEAM = BRBLZLM3SM;
				GENERATE_INFOPLIST_FILE = YES;
				IPHONEOS_DEPLOYMENT_TARGET = 17.0;
				MARKETING_VERSION = 1.0;
				PRODUCT_BUNDLE_IDENTIFIER = "LJG.ACD-SwiftUITests";
				PRODUCT_NAME = "$(TARGET_NAME)";
				SWIFT_EMIT_LOC_STRINGS = NO;
				SWIFT_VERSION = 5.0;
				TARGETED_DEVICE_FAMILY = "1,2";
				TEST_HOST = "$(BUILT_PRODUCTS_DIR)/ACD_SwiftUI.app/$(BUNDLE_EXECUTABLE_FOLDER_PATH)/ACD_SwiftUI";
			};
			name = Release;
		};
		CEF4E4BF2B13099600404741 /* Debug */ = {
			isa = XCBuildConfiguration;
			buildSettings = {
				ALWAYS_EMBED_SWIFT_STANDARD_LIBRARIES = YES;
				CODE_SIGN_STYLE = Automatic;
				CURRENT_PROJECT_VERSION = 1;
				DEVELOPMENT_TEAM = BRBLZLM3SM;
				GENERATE_INFOPLIST_FILE = YES;
				MARKETING_VERSION = 1.0;
				PRODUCT_BUNDLE_IDENTIFIER = "LJG.ACD-SwiftUIUITests";
				PRODUCT_NAME = "$(TARGET_NAME)";
				SWIFT_EMIT_LOC_STRINGS = NO;
				SWIFT_VERSION = 5.0;
				TARGETED_DEVICE_FAMILY = "1,2";
				TEST_TARGET_NAME = ACD_SwiftUI;
			};
			name = Debug;
		};
		CEF4E4C02B13099600404741 /* Release */ = {
			isa = XCBuildConfiguration;
			buildSettings = {
				ALWAYS_EMBED_SWIFT_STANDARD_LIBRARIES = YES;
				CODE_SIGN_STYLE = Automatic;
				CURRENT_PROJECT_VERSION = 1;
				DEVELOPMENT_TEAM = BRBLZLM3SM;
				GENERATE_INFOPLIST_FILE = YES;
				MARKETING_VERSION = 1.0;
				PRODUCT_BUNDLE_IDENTIFIER = "LJG.ACD-SwiftUIUITests";
				PRODUCT_NAME = "$(TARGET_NAME)";
				SWIFT_EMIT_LOC_STRINGS = NO;
				SWIFT_VERSION = 5.0;
				TARGETED_DEVICE_FAMILY = "1,2";
				TEST_TARGET_NAME = ACD_SwiftUI;
			};
			name = Release;
		};
/* End XCBuildConfiguration section */

/* Begin XCConfigurationList section */
		CEF4E48F2B13099400404741 /* Build configuration list for PBXProject "ACD_SwiftUI" */ = {
			isa = XCConfigurationList;
			buildConfigurations = (
				CEF4E4B62B13099600404741 /* Debug */,
				CEF4E4B72B13099600404741 /* Release */,
			);
			defaultConfigurationIsVisible = 0;
			defaultConfigurationName = Release;
		};
		CEF4E4B82B13099600404741 /* Build configuration list for PBXNativeTarget "ACD_SwiftUI" */ = {
			isa = XCConfigurationList;
			buildConfigurations = (
				CEF4E4B92B13099600404741 /* Debug */,
				CEF4E4BA2B13099600404741 /* Release */,
			);
			defaultConfigurationIsVisible = 0;
			defaultConfigurationName = Release;
		};
		CEF4E4BB2B13099600404741 /* Build configuration list for PBXNativeTarget "ACD_SwiftUITests" */ = {
			isa = XCConfigurationList;
			buildConfigurations = (
				CEF4E4BC2B13099600404741 /* Debug */,
				CEF4E4BD2B13099600404741 /* Release */,
			);
			defaultConfigurationIsVisible = 0;
			defaultConfigurationName = Release;
		};
		CEF4E4BE2B13099600404741 /* Build configuration list for PBXNativeTarget "ACD_SwiftUIUITests" */ = {
			isa = XCConfigurationList;
			buildConfigurations = (
				CEF4E4BF2B13099600404741 /* Debug */,
				CEF4E4C02B13099600404741 /* Release */,
			);
			defaultConfigurationIsVisible = 0;
			defaultConfigurationName = Release;
		};
/* End XCConfigurationList section */
	};
	rootObject = CEF4E48C2B13099400404741 /* Project object */;
}
